
Microsoft Visual Studio Solution File, Format Version 12.00
# Visual Studio Version 17
VisualStudioVersion = 17.4.33213.308
MinimumVisualStudioVersion = 10.0.40219.1
Project("{FAE04EC0-301F-11D3-BF4B-00C04F79EFBC}") = "CreatingClassesLab", "CreatingClassesLab\CreatingClassesLab.csproj", "{CD7CEEB5-9AA3-425C-98A0-8D4E727ABEB4}"
EndProject
Global
	GlobalSection(SolutionConfigurationPlatforms) = preSolution
		Debug|Any CPU = Debug|Any CPU
		Release|Any CPU = Release|Any CPU
	EndGlobalSection
	GlobalSection(ProjectConfigurationPlatforms) = postSolution
		{CD7CEEB5-9AA3-425C-98A0-8D4E727ABEB4}.Debug|Any CPU.ActiveCfg = Debug|Any CPU
		{CD7CEEB5-9AA3-425C-98A0-8D4E727ABEB4}.Debug|Any CPU.Build.0 = Debug|Any CPU
		{CD7CEEB5-9AA3-425C-98A0-8D4E727ABEB4}.Release|Any CPU.ActiveCfg = Release|Any CPU
		{CD7CEEB5-9AA3-425C-98A0-8D4E727ABEB4}.Release|Any CPU.Build.0 = Release|Any CPU
	EndGlobalSection
	GlobalSection(SolutionProperties) = preSolution
		HideSolutionNode = FALSE
	EndGlobalSection
	GlobalSection(ExtensibilityGlobals) = postSolution
		SolutionGuid = {DDDD75C4-DD5E-4385-A0B8-722543945E1B}
	EndGlobalSection
EndGlobal
